
Microsoft Visual Studio Solution File, Format Version 11.00
# Visual Studio 2010
Project("{FAE04EC0-301F-11D3-BF4B-00C04F79EFBC}") = "Snake", "Snake\Snake\Snake.csproj", "{73FF9FC6-3CA0-4789-A4F0-B842FD8462A8}"
EndProject
Project("{96E2B04D-8817-42C6-938A-82C39BA4D311}") = "SnakeContent", "Snake\SnakeContent\SnakeContent.contentproj", "{483F1AF7-EA20-4568-A033-ECA0FDEFC1BF}"
EndProject
Project("{FAE04EC0-301F-11D3-BF4B-00C04F79EFBC}") = "Common.KeyboardManager", "Common.KeyboardManager\Common.KeyboardManager.csproj", "{A159CAC7-247B-4043-80B8-B271745E87EB}"
EndProject
Project("{FAE04EC0-301F-11D3-BF4B-00C04F79EFBC}") = "Common.MouseManager", "Common.MouseManager\Common.MouseManager.csproj", "{609BB8D8-8195-49A9-973F-F36958A51CB3}"
EndProject
Project("{FAE04EC0-301F-11D3-BF4B-00C04F79EFBC}") = "Common.TranslationManager", "Common.TranslationManager\Common.TranslationManager.csproj", "{2BC44A86-DFEF-4B87-8326-6C140B878EF2}"
EndProject
Global
	GlobalSection(SolutionConfigurationPlatforms) = preSolution
		Debug|x86 = Debug|x86
		Release|x86 = Release|x86
	EndGlobalSection
	GlobalSection(ProjectConfigurationPlatforms) = postSolution
		{73FF9FC6-3CA0-4789-A4F0-B842FD8462A8}.Debug|x86.ActiveCfg = Debug|x86
		{73FF9FC6-3CA0-4789-A4F0-B842FD8462A8}.Debug|x86.Build.0 = Debug|x86
		{73FF9FC6-3CA0-4789-A4F0-B842FD8462A8}.Release|x86.ActiveCfg = Release|x86
		{73FF9FC6-3CA0-4789-A4F0-B842FD8462A8}.Release|x86.Build.0 = Release|x86
		{483F1AF7-EA20-4568-A033-ECA0FDEFC1BF}.Debug|x86.ActiveCfg = Debug|x86
		{483F1AF7-EA20-4568-A033-ECA0FDEFC1BF}.Release|x86.ActiveCfg = Release|x86
		{A159CAC7-247B-4043-80B8-B271745E87EB}.Debug|x86.ActiveCfg = Debug|x86
		{A159CAC7-247B-4043-80B8-B271745E87EB}.Debug|x86.Build.0 = Debug|x86
		{A159CAC7-247B-4043-80B8-B271745E87EB}.Release|x86.ActiveCfg = Release|x86
		{A159CAC7-247B-4043-80B8-B271745E87EB}.Release|x86.Build.0 = Release|x86
		{609BB8D8-8195-49A9-973F-F36958A51CB3}.Debug|x86.ActiveCfg = Debug|x86
		{609BB8D8-8195-49A9-973F-F36958A51CB3}.Debug|x86.Build.0 = Debug|x86
		{609BB8D8-8195-49A9-973F-F36958A51CB3}.Release|x86.ActiveCfg = Release|x86
		{609BB8D8-8195-49A9-973F-F36958A51CB3}.Release|x86.Build.0 = Release|x86
		{2BC44A86-DFEF-4B87-8326-6C140B878EF2}.Debug|x86.ActiveCfg = Debug|x86
		{2BC44A86-DFEF-4B87-8326-6C140B878EF2}.Debug|x86.Build.0 = Debug|x86
		{2BC44A86-DFEF-4B87-8326-6C140B878EF2}.Release|x86.ActiveCfg = Release|x86
		{2BC44A86-DFEF-4B87-8326-6C140B878EF2}.Release|x86.Build.0 = Release|x86
	EndGlobalSection
	GlobalSection(SolutionProperties) = preSolution
		HideSolutionNode = FALSE
	EndGlobalSection
EndGlobal
